
Microsoft Visual Studio Solution File, Format Version 11.00
# Visual Studio 2010
Project("{FAE04EC0-301F-11D3-BF4B-00C04F79EFBC}") = "AntiScrape.Web", "AntiScrape.Web\AntiScrape.Web.csproj", "{59F4770F-DFE9-42D1-960D-5A37EB119D73}"
EndProject
Project("{FAE04EC0-301F-11D3-BF4B-00C04F79EFBC}") = "AntiScrape.Core", "AntiScrape.Core\AntiScrape.Core.csproj", "{12592370-8CF6-4065-9F84-733A85515CAE}"
EndProject
Project("{2150E333-8FDC-42A3-9474-1A3956D46DE8}") = ".nuget", ".nuget", "{E339E1E9-1BDB-4F2E-ABF0-BD2A634F982C}"
	ProjectSection(SolutionItems) = preProject
		.nuget\NuGet.Config = .nuget\NuGet.Config
		.nuget\NuGet.exe = .nuget\NuGet.exe
		.nuget\NuGet.targets = .nuget\NuGet.targets
	EndProjectSection
EndProject
Project("{FAE04EC0-301F-11D3-BF4B-00C04F79EFBC}") = "AntiScrape.DataStorage", "AntiScrape.DataStorage\AntiScrape.DataStorage.csproj", "{4C5A05F1-FC5A-46EF-AAE9-456258478241}"
EndProject
Project("{2150E333-8FDC-42A3-9474-1A3956D46DE8}") = "db", "db", "{E2C8ED83-E13A-4042-A31A-AE5EF48F8629}"
	ProjectSection(SolutionItems) = preProject
		db\db.sql = db\db.sql
	EndProjectSection
EndProject
Project("{FAE04EC0-301F-11D3-BF4B-00C04F79EFBC}") = "AntiScrape.InMemoryStorage", "AntiScrape.InMemoryStore\AntiScrape.InMemoryStorage.csproj", "{26D8A2FA-83C8-42DD-9285-560520033622}"
EndProject
Project("{FAE04EC0-301F-11D3-BF4B-00C04F79EFBC}") = "AntiScrape.Support", "AntiScrape.Support\AntiScrape.Support.csproj", "{A8E99B71-DA9B-4B2F-9F84-E345D5C6A156}"
EndProject
Global
	GlobalSection(SolutionConfigurationPlatforms) = preSolution
		Debug|Any CPU = Debug|Any CPU
		Release|Any CPU = Release|Any CPU
	EndGlobalSection
	GlobalSection(ProjectConfigurationPlatforms) = postSolution
		{59F4770F-DFE9-42D1-960D-5A37EB119D73}.Debug|Any CPU.ActiveCfg = Debug|Any CPU
		{59F4770F-DFE9-42D1-960D-5A37EB119D73}.Debug|Any CPU.Build.0 = Debug|Any CPU
		{59F4770F-DFE9-42D1-960D-5A37EB119D73}.Release|Any CPU.ActiveCfg = Release|Any CPU
		{59F4770F-DFE9-42D1-960D-5A37EB119D73}.Release|Any CPU.Build.0 = Release|Any CPU
		{12592370-8CF6-4065-9F84-733A85515CAE}.Debug|Any CPU.ActiveCfg = Debug|Any CPU
		{12592370-8CF6-4065-9F84-733A85515CAE}.Debug|Any CPU.Build.0 = Debug|Any CPU
		{12592370-8CF6-4065-9F84-733A85515CAE}.Release|Any CPU.ActiveCfg = Release|Any CPU
		{12592370-8CF6-4065-9F84-733A85515CAE}.Release|Any CPU.Build.0 = Release|Any CPU
		{4C5A05F1-FC5A-46EF-AAE9-456258478241}.Debug|Any CPU.ActiveCfg = Debug|Any CPU
		{4C5A05F1-FC5A-46EF-AAE9-456258478241}.Debug|Any CPU.Build.0 = Debug|Any CPU
		{4C5A05F1-FC5A-46EF-AAE9-456258478241}.Release|Any CPU.ActiveCfg = Release|Any CPU
		{4C5A05F1-FC5A-46EF-AAE9-456258478241}.Release|Any CPU.Build.0 = Release|Any CPU
		{26D8A2FA-83C8-42DD-9285-560520033622}.Debug|Any CPU.ActiveCfg = Debug|Any CPU
		{26D8A2FA-83C8-42DD-9285-560520033622}.Debug|Any CPU.Build.0 = Debug|Any CPU
		{26D8A2FA-83C8-42DD-9285-560520033622}.Release|Any CPU.ActiveCfg = Release|Any CPU
		{26D8A2FA-83C8-42DD-9285-560520033622}.Release|Any CPU.Build.0 = Release|Any CPU
		{A8E99B71-DA9B-4B2F-9F84-E345D5C6A156}.Debug|Any CPU.ActiveCfg = Debug|Any CPU
		{A8E99B71-DA9B-4B2F-9F84-E345D5C6A156}.Debug|Any CPU.Build.0 = Debug|Any CPU
		{A8E99B71-DA9B-4B2F-9F84-E345D5C6A156}.Release|Any CPU.ActiveCfg = Release|Any CPU
		{A8E99B71-DA9B-4B2F-9F84-E345D5C6A156}.Release|Any CPU.Build.0 = Release|Any CPU
	EndGlobalSection
	GlobalSection(SolutionProperties) = preSolution
		HideSolutionNode = FALSE
	EndGlobalSection
	GlobalSection(ExtensibilityGlobals) = postSolution
		EnterpriseLibraryConfigurationToolBinariesPath = packages\Unity.2.1.505.2\lib\NET35
	EndGlobalSection
EndGlobal
